
Microsoft Visual Studio Solution File, Format Version 12.00
# Visual Studio Version 17
VisualStudioVersion = 17.7.34009.444
MinimumVisualStudioVersion = 10.0.40219.1
Project("{9A19103F-16F7-4668-BE54-9A1E7A4F7556}") = "ExamenPedro", "ExamenPedro\ExamenPedro.csproj", "{0C0D6F2D-7C43-4051-BCE4-0E35142DF18B}"
EndProject
Project("{2150E333-8FDC-42A3-9474-1A3956D46DE8}") = "Api", "Api", "{9E9CA0C2-FA4B-4100-B7CE-547A3417868C}"
EndProject
Project("{2150E333-8FDC-42A3-9474-1A3956D46DE8}") = "Personas", "Personas", "{759D2EEF-6A94-4697-B897-3699CE9BF2AC}"
EndProject
Project("{FAE04EC0-301F-11D3-BF4B-00C04F79EFBC}") = "DTOs", "A\DTOs.csproj", "{EA8ACDB6-6935-4614-89CB-B9A8F9557FD7}"
EndProject
Project("{FAE04EC0-301F-11D3-BF4B-00C04F79EFBC}") = "Entidades", "Entidades\Entidades.csproj", "{A497CE73-E927-445E-A7AD-B8A8A5F80A5E}"
EndProject
Project("{FAE04EC0-301F-11D3-BF4B-00C04F79EFBC}") = "Helpers", "Helpers\Helpers.csproj", "{22787193-D648-448F-9D76-7F5078074A95}"
EndProject
Project("{FAE04EC0-301F-11D3-BF4B-00C04F79EFBC}") = "Modelos", "Modelos\Modelos.csproj", "{AE95A992-B33D-4B02-AFE4-EDD303D1246A}"
EndProject
Project("{FAE04EC0-301F-11D3-BF4B-00C04F79EFBC}") = "Profiles", "Profiles\Profiles.csproj", "{2F60817F-9B43-4AA5-94AC-F68630B2B89D}"
EndProject
Project("{FAE04EC0-301F-11D3-BF4B-00C04F79EFBC}") = "Repositorios", "Repositorios\Repositorios.csproj", "{829A0856-1450-4B3D-B5FD-85F25BED4936}"
EndProject
Global
	GlobalSection(SolutionConfigurationPlatforms) = preSolution
		Debug|Any CPU = Debug|Any CPU
		Release|Any CPU = Release|Any CPU
	EndGlobalSection
	GlobalSection(ProjectConfigurationPlatforms) = postSolution
		{0C0D6F2D-7C43-4051-BCE4-0E35142DF18B}.Debug|Any CPU.ActiveCfg = Debug|Any CPU
		{0C0D6F2D-7C43-4051-BCE4-0E35142DF18B}.Debug|Any CPU.Build.0 = Debug|Any CPU
		{0C0D6F2D-7C43-4051-BCE4-0E35142DF18B}.Release|Any CPU.ActiveCfg = Release|Any CPU
		{0C0D6F2D-7C43-4051-BCE4-0E35142DF18B}.Release|Any CPU.Build.0 = Release|Any CPU
		{EA8ACDB6-6935-4614-89CB-B9A8F9557FD7}.Debug|Any CPU.ActiveCfg = Debug|Any CPU
		{EA8ACDB6-6935-4614-89CB-B9A8F9557FD7}.Debug|Any CPU.Build.0 = Debug|Any CPU
		{EA8ACDB6-6935-4614-89CB-B9A8F9557FD7}.Release|Any CPU.ActiveCfg = Release|Any CPU
		{EA8ACDB6-6935-4614-89CB-B9A8F9557FD7}.Release|Any CPU.Build.0 = Release|Any CPU
		{A497CE73-E927-445E-A7AD-B8A8A5F80A5E}.Debug|Any CPU.ActiveCfg = Debug|Any CPU
		{A497CE73-E927-445E-A7AD-B8A8A5F80A5E}.Debug|Any CPU.Build.0 = Debug|Any CPU
		{A497CE73-E927-445E-A7AD-B8A8A5F80A5E}.Release|Any CPU.ActiveCfg = Release|Any CPU
		{A497CE73-E927-445E-A7AD-B8A8A5F80A5E}.Release|Any CPU.Build.0 = Release|Any CPU
		{22787193-D648-448F-9D76-7F5078074A95}.Debug|Any CPU.ActiveCfg = Debug|Any CPU
		{22787193-D648-448F-9D76-7F5078074A95}.Debug|Any CPU.Build.0 = Debug|Any CPU
		{22787193-D648-448F-9D76-7F5078074A95}.Release|Any CPU.ActiveCfg = Release|Any CPU
		{22787193-D648-448F-9D76-7F5078074A95}.Release|Any CPU.Build.0 = Release|Any CPU
		{AE95A992-B33D-4B02-AFE4-EDD303D1246A}.Debug|Any CPU.ActiveCfg = Debug|Any CPU
		{AE95A992-B33D-4B02-AFE4-EDD303D1246A}.Debug|Any CPU.Build.0 = Debug|Any CPU
		{AE95A992-B33D-4B02-AFE4-EDD303D1246A}.Release|Any CPU.ActiveCfg = Release|Any CPU
		{AE95A992-B33D-4B02-AFE4-EDD303D1246A}.Release|Any CPU.Build.0 = Release|Any CPU
		{2F60817F-9B43-4AA5-94AC-F68630B2B89D}.Debug|Any CPU.ActiveCfg = Debug|Any CPU
		{2F60817F-9B43-4AA5-94AC-F68630B2B89D}.Debug|Any CPU.Build.0 = Debug|Any CPU
		{2F60817F-9B43-4AA5-94AC-F68630B2B89D}.Release|Any CPU.ActiveCfg = Release|Any CPU
		{2F60817F-9B43-4AA5-94AC-F68630B2B89D}.Release|Any CPU.Build.0 = Release|Any CPU
		{829A0856-1450-4B3D-B5FD-85F25BED4936}.Debug|Any CPU.ActiveCfg = Debug|Any CPU
		{829A0856-1450-4B3D-B5FD-85F25BED4936}.Debug|Any CPU.Build.0 = Debug|Any CPU
		{829A0856-1450-4B3D-B5FD-85F25BED4936}.Release|Any CPU.ActiveCfg = Release|Any CPU
		{829A0856-1450-4B3D-B5FD-85F25BED4936}.Release|Any CPU.Build.0 = Release|Any CPU
	EndGlobalSection
	GlobalSection(SolutionProperties) = preSolution
		HideSolutionNode = FALSE
	EndGlobalSection
	GlobalSection(NestedProjects) = preSolution
		{0C0D6F2D-7C43-4051-BCE4-0E35142DF18B} = {9E9CA0C2-FA4B-4100-B7CE-547A3417868C}
		{EA8ACDB6-6935-4614-89CB-B9A8F9557FD7} = {759D2EEF-6A94-4697-B897-3699CE9BF2AC}
		{A497CE73-E927-445E-A7AD-B8A8A5F80A5E} = {759D2EEF-6A94-4697-B897-3699CE9BF2AC}
		{22787193-D648-448F-9D76-7F5078074A95} = {759D2EEF-6A94-4697-B897-3699CE9BF2AC}
		{AE95A992-B33D-4B02-AFE4-EDD303D1246A} = {759D2EEF-6A94-4697-B897-3699CE9BF2AC}
		{2F60817F-9B43-4AA5-94AC-F68630B2B89D} = {759D2EEF-6A94-4697-B897-3699CE9BF2AC}
		{829A0856-1450-4B3D-B5FD-85F25BED4936} = {759D2EEF-6A94-4697-B897-3699CE9BF2AC}
	EndGlobalSection
	GlobalSection(ExtensibilityGlobals) = postSolution
		SolutionGuid = {35447C63-EAF2-4B12-8076-7A1FC6BC04BF}
	EndGlobalSection
EndGlobal
